
Microsoft Visual Studio Solution File, Format Version 12.00
# Visual Studio Version 17
VisualStudioVersion = 17.8.34316.72
MinimumVisualStudioVersion = 10.0.40219.1
Project("{9A19103F-16F7-4668-BE54-9A1E7A4F7556}") = "UserInterface", "UserInterface\UserInterface.csproj", "{6C0FDB16-0AB8-4176-830F-BABBFCA1CA4E}"
EndProject
Project("{9A19103F-16F7-4668-BE54-9A1E7A4F7556}") = "BusinessLogic", "BusinessLogic\BusinessLogic.csproj", "{D131537D-8EE9-404F-85B7-385E6F870556}"
EndProject
Project("{9A19103F-16F7-4668-BE54-9A1E7A4F7556}") = "DataAccess", "DataAccess\DataAccess.csproj", "{391EF2F7-3B78-4FE4-9623-C9992C3F7D38}"
EndProject
Project("{9A19103F-16F7-4668-BE54-9A1E7A4F7556}") = "Tests", "Tests\Tests.csproj", "{4C61779A-E312-47C0-9DFC-ADA636B2D9C8}"
EndProject
Project("{9A19103F-16F7-4668-BE54-9A1E7A4F7556}") = "EmailProvider", "EmailProvider\EmailProvider.csproj", "{CD08FEF3-1832-4040-8463-DE52B1E86B61}"
EndProject
Project("{FAE04EC0-301F-11D3-BF4B-00C04F79EFBC}") = "HashingService", "HashingService\HashingService.csproj", "{D7D21165-3735-410C-BFF3-6F3C2AEC59B8}"
EndProject
Global
	GlobalSection(SolutionConfigurationPlatforms) = preSolution
		Debug|Any CPU = Debug|Any CPU
		Release|Any CPU = Release|Any CPU
	EndGlobalSection
	GlobalSection(ProjectConfigurationPlatforms) = postSolution
		{6C0FDB16-0AB8-4176-830F-BABBFCA1CA4E}.Debug|Any CPU.ActiveCfg = Debug|Any CPU
		{6C0FDB16-0AB8-4176-830F-BABBFCA1CA4E}.Debug|Any CPU.Build.0 = Debug|Any CPU
		{6C0FDB16-0AB8-4176-830F-BABBFCA1CA4E}.Release|Any CPU.ActiveCfg = Release|Any CPU
		{6C0FDB16-0AB8-4176-830F-BABBFCA1CA4E}.Release|Any CPU.Build.0 = Release|Any CPU
		{D131537D-8EE9-404F-85B7-385E6F870556}.Debug|Any CPU.ActiveCfg = Debug|Any CPU
		{D131537D-8EE9-404F-85B7-385E6F870556}.Debug|Any CPU.Build.0 = Debug|Any CPU
		{D131537D-8EE9-404F-85B7-385E6F870556}.Release|Any CPU.ActiveCfg = Release|Any CPU
		{D131537D-8EE9-404F-85B7-385E6F870556}.Release|Any CPU.Build.0 = Release|Any CPU
		{391EF2F7-3B78-4FE4-9623-C9992C3F7D38}.Debug|Any CPU.ActiveCfg = Debug|Any CPU
		{391EF2F7-3B78-4FE4-9623-C9992C3F7D38}.Debug|Any CPU.Build.0 = Debug|Any CPU
		{391EF2F7-3B78-4FE4-9623-C9992C3F7D38}.Release|Any CPU.ActiveCfg = Release|Any CPU
		{391EF2F7-3B78-4FE4-9623-C9992C3F7D38}.Release|Any CPU.Build.0 = Release|Any CPU
		{4C61779A-E312-47C0-9DFC-ADA636B2D9C8}.Debug|Any CPU.ActiveCfg = Debug|Any CPU
		{4C61779A-E312-47C0-9DFC-ADA636B2D9C8}.Debug|Any CPU.Build.0 = Debug|Any CPU
		{4C61779A-E312-47C0-9DFC-ADA636B2D9C8}.Release|Any CPU.ActiveCfg = Release|Any CPU
		{4C61779A-E312-47C0-9DFC-ADA636B2D9C8}.Release|Any CPU.Build.0 = Release|Any CPU
		{CD08FEF3-1832-4040-8463-DE52B1E86B61}.Debug|Any CPU.ActiveCfg = Debug|Any CPU
		{CD08FEF3-1832-4040-8463-DE52B1E86B61}.Debug|Any CPU.Build.0 = Debug|Any CPU
		{CD08FEF3-1832-4040-8463-DE52B1E86B61}.Release|Any CPU.ActiveCfg = Release|Any CPU
		{CD08FEF3-1832-4040-8463-DE52B1E86B61}.Release|Any CPU.Build.0 = Release|Any CPU
		{D7D21165-3735-410C-BFF3-6F3C2AEC59B8}.Debug|Any CPU.ActiveCfg = Debug|Any CPU
		{D7D21165-3735-410C-BFF3-6F3C2AEC59B8}.Debug|Any CPU.Build.0 = Debug|Any CPU
		{D7D21165-3735-410C-BFF3-6F3C2AEC59B8}.Release|Any CPU.ActiveCfg = Release|Any CPU
		{D7D21165-3735-410C-BFF3-6F3C2AEC59B8}.Release|Any CPU.Build.0 = Release|Any CPU
	EndGlobalSection
	GlobalSection(SolutionProperties) = preSolution
		HideSolutionNode = FALSE
	EndGlobalSection
	GlobalSection(ExtensibilityGlobals) = postSolution
		SolutionGuid = {9A1D6BAC-B3BD-481D-B37B-1986936C4493}
	EndGlobalSection
EndGlobal
