
Microsoft Visual Studio Solution File, Format Version 12.00
# Visual Studio Version 17
VisualStudioVersion = 17.7.34031.279
MinimumVisualStudioVersion = 10.0.40219.1
Project("{9A19103F-16F7-4668-BE54-9A1E7A4F7556}") = "gehoortest-application.Repository", "..\gehoortest-application.Repository\gehoortest-application.Repository.csproj", "{D01BF6BD-6BF7-481A-B767-65D16BBA0438}"
EndProject
Project("{9A19103F-16F7-4668-BE54-9A1E7A4F7556}") = "gehoortest-application.Service", "..\gehoortest-application.Service\gehoortest-application.Service.csproj", "{C41AD460-A23D-4E71-BC6B-A0FF0F5A3646}"
EndProject
Global
	GlobalSection(SolutionConfigurationPlatforms) = preSolution
		Debug|Any CPU = Debug|Any CPU
		Release|Any CPU = Release|Any CPU
	EndGlobalSection
	GlobalSection(ProjectConfigurationPlatforms) = postSolution
		{D01BF6BD-6BF7-481A-B767-65D16BBA0438}.Debug|Any CPU.ActiveCfg = Debug|Any CPU
		{D01BF6BD-6BF7-481A-B767-65D16BBA0438}.Debug|Any CPU.Build.0 = Debug|Any CPU
		{D01BF6BD-6BF7-481A-B767-65D16BBA0438}.Release|Any CPU.ActiveCfg = Release|Any CPU
		{D01BF6BD-6BF7-481A-B767-65D16BBA0438}.Release|Any CPU.Build.0 = Release|Any CPU
		{C41AD460-A23D-4E71-BC6B-A0FF0F5A3646}.Debug|Any CPU.ActiveCfg = Debug|Any CPU
		{C41AD460-A23D-4E71-BC6B-A0FF0F5A3646}.Debug|Any CPU.Build.0 = Debug|Any CPU
		{C41AD460-A23D-4E71-BC6B-A0FF0F5A3646}.Release|Any CPU.ActiveCfg = Release|Any CPU
		{C41AD460-A23D-4E71-BC6B-A0FF0F5A3646}.Release|Any CPU.Build.0 = Release|Any CPU
	EndGlobalSection
	GlobalSection(SolutionProperties) = preSolution
		HideSolutionNode = FALSE
	EndGlobalSection
	GlobalSection(ExtensibilityGlobals) = postSolution
		SolutionGuid = {6AAEF667-CA5D-4B9E-A78A-34A0FDE58127}
	EndGlobalSection
EndGlobal
